{
  "name": "sqlite-wasm",
  "lockfileVersion": 3,
  "requires": true,
  "packages": {
    "": {
      "license": "MIT",
      "dependencies": {
        "@sqlite.org/sqlite-wasm": "^3.42.0-build1"
      }
    },
    "node_modules/@sqlite.org/sqlite-wasm": {
      "version": "3.42.0-build1",
      "resolved": "https://registry.npmjs.org/@sqlite.org/sqlite-wasm/-/sqlite-wasm-3.42.0-build1.tgz",
      "integrity": "sha512-uUKiCihaIMkIUBtzgiAM0+/mB/VQTb2P1U+ZbvNFPCyyIiFDdxIacn7+3WW1DTHYWmjCx1O70bw+iVbHyNrDUg==",
      "bin": {
        "sqlite-wasm": "bin/index.js"
      }
    }
  }
}
